
Microsoft Visual Studio Solution File, Format Version 12.00
# Visual Studio Version 17
VisualStudioVersion = 17.5.33424.131
MinimumVisualStudioVersion = 10.0.40219.1
Project("{FAE04EC0-301F-11D3-BF4B-00C04F79EFBC}") = "aviasales", "aviasales\aviasales.csproj", "{A2259786-6783-48EB-B3B4-12D1E06EB72E}"
EndProject
Global
	GlobalSection(SolutionConfigurationPlatforms) = preSolution
		Debug|Any CPU = Debug|Any CPU
		Release|Any CPU = Release|Any CPU
	EndGlobalSection
	GlobalSection(ProjectConfigurationPlatforms) = postSolution
		{A2259786-6783-48EB-B3B4-12D1E06EB72E}.Debug|Any CPU.ActiveCfg = Debug|Any CPU
		{A2259786-6783-48EB-B3B4-12D1E06EB72E}.Debug|Any CPU.Build.0 = Debug|Any CPU
		{A2259786-6783-48EB-B3B4-12D1E06EB72E}.Release|Any CPU.ActiveCfg = Release|Any CPU
		{A2259786-6783-48EB-B3B4-12D1E06EB72E}.Release|Any CPU.Build.0 = Release|Any CPU
	EndGlobalSection
	GlobalSection(SolutionProperties) = preSolution
		HideSolutionNode = FALSE
	EndGlobalSection
	GlobalSection(ExtensibilityGlobals) = postSolution
		SolutionGuid = {473EA50D-B33E-49AD-BC6B-67A7708981B2}
	EndGlobalSection
EndGlobal
